
Microsoft Visual Studio Solution File, Format Version 12.00
# Visual Studio Version 17
VisualStudioVersion = 17.11.35222.181
MinimumVisualStudioVersion = 10.0.40219.1
Project("{FAE04EC0-301F-11D3-BF4B-00C04F79EFBC}") = "MovieSite.DAL", "MovieSite.DAL\MovieSite.DAL.csproj", "{70026F10-66FD-4E50-9545-52A37714ADBE}"
EndProject
Project("{FAE04EC0-301F-11D3-BF4B-00C04F79EFBC}") = "MovieSite.Website", "MovieSite.Website\MovieSite.Website.csproj", "{EB880796-6474-44FF-8D8B-8A5C63878012}"
EndProject
Global
	GlobalSection(SolutionConfigurationPlatforms) = preSolution
		Debug|Any CPU = Debug|Any CPU
		Release|Any CPU = Release|Any CPU
	EndGlobalSection
	GlobalSection(ProjectConfigurationPlatforms) = postSolution
		{70026F10-66FD-4E50-9545-52A37714ADBE}.Debug|Any CPU.ActiveCfg = Debug|Any CPU
		{70026F10-66FD-4E50-9545-52A37714ADBE}.Debug|Any CPU.Build.0 = Debug|Any CPU
		{70026F10-66FD-4E50-9545-52A37714ADBE}.Release|Any CPU.ActiveCfg = Release|Any CPU
		{70026F10-66FD-4E50-9545-52A37714ADBE}.Release|Any CPU.Build.0 = Release|Any CPU
		{EB880796-6474-44FF-8D8B-8A5C63878012}.Debug|Any CPU.ActiveCfg = Debug|Any CPU
		{EB880796-6474-44FF-8D8B-8A5C63878012}.Debug|Any CPU.Build.0 = Debug|Any CPU
		{EB880796-6474-44FF-8D8B-8A5C63878012}.Release|Any CPU.ActiveCfg = Release|Any CPU
		{EB880796-6474-44FF-8D8B-8A5C63878012}.Release|Any CPU.Build.0 = Release|Any CPU
	EndGlobalSection
	GlobalSection(SolutionProperties) = preSolution
		HideSolutionNode = FALSE
	EndGlobalSection
	GlobalSection(ExtensibilityGlobals) = postSolution
		SolutionGuid = {159757BB-D83B-4242-856A-8DF549E43203}
	EndGlobalSection
EndGlobal
